lockfileVersion: '9.0'

settings:
  autoInstallPeers: true
  excludeLinksFromLockfile: false

importers:

  .: {}

  apps/api:
    dependencies:
      '@fastify/cors':
        specifier: ^11.1.0
        version: 11.3.0
      '@orgmemory/core':
        specifier: workspace:*
        version: link:../../packages/core
      '@orgmemory/harness':
        specifier: workspace:*
        version: link:../../packages/harness
      '@orgmemory/harness-runtime':
        specifier: workspace:*
        version: link:../../packages/harness-runtime
      '@orgmemory/license':
        specifier: workspace:*
        version: link:../../packages/license
      '@orgmemory/policy':
        specifier: workspace:*
        version: link:../../packages/policy
      '@orgmemory/sdk':
        specifier: workspace:*
        version: link:../../packages/sdk
      '@orgmemory/seal-protocol':
        specifier: workspace:*
        version: link:../../packages/seal-protocol
      fastify:
        specifier: ^5.6.1
        version: 5.12.4
      zod:
        specifier: ^4.1.11
        version: 4.6.2
    devDependencies:
      '@types/node':
        specifier: ^24.5.2
        version: 24.13.4
      tsx:
        specifier: ^4.20.5
        version: 4.23.13
      typescript:
        specifier: ^5.9.2
        version: 5.9.3
      vitest:
        specifier: ^3.2.4
        version: 3.2.7(@types/node@24.13.4)(jiti@2.7.0)(lightningcss@1.32.0)(tsx@4.23.13)

  apps/dashboard:
    dependencies:
      react:
        specifier: ^19.1.1
        version: 19.3.0
      react-dom:
        specifier: ^19.1.1
        version: 19.3.0(react@19.3.0)
    devDependencies:
      '@tailwindcss/vite':
        specifier: ^4.1.13
        version: 4.3.3(vite@7.3.6(@types/node@24.13.4)(jiti@2.7.0)(lightningcss@1.32.0)(tsx@4.23.13))
      '@types/react':
        specifier: ^19.1.13
        version: 19.3.0
      '@types/react-dom':
        specifier: ^19.1.9
        version: 19.3.0(@types/react@19.3.0)
      '@vitejs/plugin-react':
        specifier: ^5.0.2
        version: 5.2.0(vite@7.3.6(@types/node@24.13.4)(jiti@2.7.0)(lightningcss@1.32.0)(tsx@4.23.13))
      tailwindcss:
        specifier: ^4.1.13
        version: 4.3.3
      typescript:
        specifier: ^5.9.2
        version: 5.9.3
      vite:
        specifier: ^7.1.5
        version: 7.3.6(@types/node@24.13.4)(jiti@2.7.0)(lightningcss@1.32.0)(tsx@4.23.13)

  apps/demo-story: {}

  apps/license:
    dependencies:
      '@fastify/cors':
        specifier: ^11.1.0
        version: 11.3.0
      '@orgmemory/license':
        specifier: workspace:*
        version: link:../../packages/license
      fastify:
        specifier: ^5.6.1
        version: 5.12.4
      zod:
        specifier: ^4.1.11
        version: 4.6.2
    devDependencies:
      '@types/node':
        specifier: ^24.5.2
        version: 24.13.4
      tsx:
        specifier: ^4.20.5
        version: 4.23.13
      typescript:
        specifier: ^5.9.2
        version: 5.9.3

  apps/seal-agent:
    dependencies:
      '@orgmemory/sdk':
        specifier: workspace:*
        version: link:../../packages/sdk
      '@orgmemory/seal-protocol':
        specifier: workspace:*
        version: link:../../packages/seal-protocol
    devDependencies:
      '@types/node':
        specifier: ^24.5.2
        version: 24.13.4
      tsx:
        specifier: ^4.20.5
        version: 4.23.13
      typescript:
        specifier: ^5.9.2
        version: 5.9.3

  apps/worker:
    devDependencies:
      '@types/node':
        specifier: ^24.5.2
        version: 24.13.4
      tsx:
        specifier: ^4.20.5
        version: 4.23.13
      typescript:
        specifier: ^5.9.2
        version: 5.9.3

  packages/core:
    devDependencies:
      '@types/node':
        specifier: ^24.5.2
        version: 24.13.4
      typescript:
        specifier: ^5.9.2
        version: 5.9.3
      vitest:
        specifier: ^3.2.4
        version: 3.2.7(@types/node@24.13.4)(jiti@2.7.0)(lightningcss@1.32.0)(tsx@4.23.13)

  packages/harness:
    dependencies:
      '@orgmemory/core':
        specifier: workspace:*
        version: link:../core
    devDependencies:
      typescript:
        specifier: ^5.9.2
        version: 5.9.3
      vitest:
        specifier: ^3.2.4
        version: 3.2.7(@types/node@24.13.4)(jiti@2.7.0)(lightningcss@1.32.0)(tsx@4.23.13)

  packages/harness-runtime:
    dependencies:
      '@orgmemory/core':
        specifier: workspace:*
        version: link:../core
    devDependencies:
      typescript:
        specifier: ^5.9.2
        version: 5.9.3
      vitest:
        specifier: ^3.2.4
        version: 3.2.7(@types/node@24.13.4)(jiti@2.7.0)(lightningcss@1.32.0)(tsx@4.23.13)

  packages/license:
    dependencies:
      '@orgmemory/core':
        specifier: workspace:*
        version: link:../core
    devDependencies:
      '@types/node':
        specifier: ^24.5.2
        version: 24.13.4
      typescript:
        specifier: ^5.9.2
        version: 5.9.3
      vitest:
        specifier: ^3.2.4
        version: 3.2.7(@types/node@24.13.4)(jiti@2.7.0)(lightningcss@1.32.0)(tsx@4.23.13)

  packages/policy:
    dependencies:
      '@orgmemory/core':
        specifier: workspace:*
        version: link:../core
    devDependencies:
      typescript:
        specifier: ^5.9.2
        version: 5.9.3
      vitest:
        specifier: ^3.2.4
        version: 3.2.7(@types/node@24.13.4)(jiti@2.7.0)(lightningcss@1.32.0)(tsx@4.23.13)

  packages/sdk:
    dependencies:
      '@orgmemory/core':
        specifier: workspace:*
        version: link:../core
    devDependencies:
      '@types/node':
        specifier: ^24.5.2
        version: 24.13.4
      typescript:
        specifier: ^5.9.2
        version: 5.9.3

  packages/seal-protocol:
    devDependencies:
      typescript:
        specifier: ^5.9.2
        version: 5.9.3
      vitest:
        specifier: ^3.2.4
        version: 3.2.7(@types/node@24.13.4)(jiti@2.7.0)(lightningcss@1.32.0)(tsx@4.23.13)

packages:

  '@babel/code-frame@7.29.7':
    resolution: {integrity: sha512-Aup7aUOfpbAUg2ROOJN6Iw5f9DMBlzu0mIkm/malLQFN/YQgO48wCj0Kxa3sEHJvPVFg7siR+qRInwXd2qhQKw==}
    engines: {node: '>=6.9.0'}

  '@babel/compat-data@7.29.7':
    resolution: {integrity: sha512-locTkQyKvwIEgBzVrn8693ebc97F2U8ZHjbXwDXJ5Fn2TCpNwTlKcaKLkdHop5c/icOFE7qt7Q9JC5hnKNa6Gg==}
    engines: {node: '>=6.9.0'}

  '@babel/core@7.29.7':
    resolution: {integrity: sha512-RgHBCvtjbOK2gXSNBNIkNoEc9qoVEtau3hj8gEqKQuL3HZAibKarWFEI3Lfm6EYKkLalOh8eSrj9b+ch9H/VBA==}
    engines: {node: '>=6.9.0'}

  '@babel/generator@7.29.8':
    resolution: {integrity: sha512-gZbepsdh3WDtgZKWL+vTPh71LSBrm/Y4/QDZBVCcYfmeTEEuoOYwlSy+G1StfJg+/Zy550u/3TATbm7qDbbMtg==}
    engines: {node: '>=6.9.0'}

  '@babel/helper-compilation-targets@7.29.7':
    resolution: {integrity: sha512-wem6WaBj4NaVYVdNhLPPVacES6ZJ+KBBfSkTMD3YZxbP3rm3Di85tJU5ljaUNhaOynt+Aj0xruhYuzQBt8n71g==}
    engines: {node: '>=6.9.0'}

  '@babel/helper-globals@7.29.7':
    resolution: {integrity: sha512-3nQVUAtvkKH9zahfWgw96Jc/uFOmjACE1kQz82E2lqWmHBgjzbNlsC22nuQTfahmWeQtTq5nQ/4Nnd2A1wj4zA==}
    engines: {node: '>=6.9.0'}

  '@babel/helper-module-imports@7.29.7':
    resolution: {integrity: sha512-ejHwrQQYcm9xnTivShn2IDOlIzInN34AXskvq9QicvCtEzq1Vzclu/tKF8Jq1Cg8JG2GL6/EmjgsCT7lXepE3g==}
    engines: {node: '>=6.9.0'}

  '@babel/helper-module-transforms@7.29.7':
    resolution: {integrity: sha512-UPUVSyXbOh627KiCIGQSgwWzGeBKLkaJ9PJEdrngIwMSzxLR4jS4+f1f1jb7VzBbg8nFLaYotvVPFCTqdrmTAg==}
    engines: {node: '>=6.9.0'}
    peerDependencies:
      '@babel/core': ^7.0.0

  '@babel/helper-plugin-utils@7.29.7':
    resolution: {integrity: sha512-G7sHYigPY17oO5SYWnfD/0MTBwVR781S/JI643e/JhUYgVgWE/61SoW3NH9KWUKyKq5LVh3npif99Wkt6j86Jw==}
    engines: {node: '>=6.9.0'}

  '@babel/helper-string-parser@7.29.7':
    resolution: {integrity: sha512-Pb5ijPrZ89GDH8223L4UP8i6QApWxs04RbPQJTeWDV0/keR2E36MeKnyr6LYmUUvqRRI+Iv87SuF1W6ErINzYw==}
    engines: {node: '>=6.9.0'}

  '@babel/helper-validator-identifier@7.29.7':
    resolution: {integrity: sha512-qehxGkRj55h/ff8EMaJ+cYhyaKlHIxqYDn682wQD7RNp9UujOQsHog2uS0r2vzr4pW+sXf90NeeayjcNaX3fFg==}
    engines: {node: '>=6.9.0'}

  '@babel/helper-validator-option@7.29.7':
    resolution: {integrity: sha512-N9ZErrD+yW5geCDtBqnOoxmR8+tNKiGuxKlDpuJxfsqpa2dFcexaziGAE/qoHLiDDreVNMupxGmSoNlyvsA3gw==}
    engines: {node: '>=6.9.0'}

  '@babel/helpers@7.29.7':
    resolution: {integrity: sha512-1k2lAGRMfHTcwuNYcCNUmaUffmQv8KWMfh2iJUUeRlwlwH4FdNG7mfPI10NPfLHJFThE4Tyr4mv7kTNZOiPuBg==}
    engines: {node: '>=6.9.0'}

  '@babel/parser@7.29.8':
    resolution: {integrity: sha512-E8lTAYNB1KW+FH+VGJuZM1ioAx2E6oVlvQFRrf5P8ZZmsiJXYAD9vTFV7yyEURNzgh1dFqMZuO6tUwcARbqFCA==}
    engines: {node: '>=6.0.0'}
    hasBin: true

  '@babel/plugin-transform-react-jsx-self@7.29.7':
    resolution: {integrity: sha512-TL0hMc9xzy86VD31nUiwzd5otRAcyEPcsegCxolO0PvcXuH1v0kECe/UIznYFihpkvU5wg/jk4v0TTEFfm53fw==}
    engines: {node: '>=6.9.0'}
    peerDependencies:
      '@babel/core': ^7.0.0-0

  '@babel/plugin-transform-react-jsx-source@7.29.7':
    resolution: {integrity: sha512-06IyK09H3wi4cGbhDBwp5gUGo0IKtnYa8tyTiephirPCK6fbobVGiXMMI5zLQ4aKEYP3wZ3ArU44o+8KMrSG/Q==}
    engines: {node: '>=6.9.0'}
    peerDependencies:
      '@babel/core': ^7.0.0-0

  '@babel/template@7.29.7':
    resolution: {integrity: sha512-puq+Gf35oI24FeN11LkoUQFqv9uwNeWpxXZi/Ji3rRIoKAzKnxRaZ+Gkj0vKS9ZCiTESfng1N9LyOyXvo+m+Gg==}
    engines: {node: '>=6.9.0'}

  '@babel/traverse@7.29.8':
    resolution: {integrity: sha512-I5z7H3bf/41ktsNVLtpN0wAa336HkqIHQ5BuPLEhTkt1jVSyZpeNKIzTgEWmlxjdg81R0IgUCcaE+Ok3NvrfZg==}
    engines: {node: '>=6.9.0'}

  '@babel/types@7.29.8':
    resolution: {integrity: sha512-Vj1jF3cPfxg7OAfoI7QnVKLoILlm2JF9pnVHrX8qx7AHMiYWT+NDAA7jChlNgRS4WTLc/fD1lXLmPixluj+3Gg==}
    engines: {node: '>=6.9.0'}
